
Microsoft Visual Studio Solution File, Format Version 12.00
# Visual Studio Version 17
VisualStudioVersion = 17.3.32922.545
MinimumVisualStudioVersion = 10.0.40219.1
Project("{FAE04EC0-301F-11D3-BF4B-00C04F79EFBC}") = "Forest fire control", "Forest fire control\Forest fire control.csproj", "{16F3A21A-58BD-4AEE-8D2E-D581BD42017C}"
EndProject
Project("{FAE04EC0-301F-11D3-BF4B-00C04F79EFBC}") = "Forest fire control.Data", "Forest fire control.Data\Forest fire control.Data.csproj", "{E0CEE55A-887E-46E8-A4C7-86E5C3CCA2DF}"
EndProject
Project("{FAE04EC0-301F-11D3-BF4B-00C04F79EFBC}") = "Forest fire control.BI", "Forest fire control.BI\Forest fire control.BI.csproj", "{4A86AF7F-7B6B-425C-A8D1-CBEA18062A83}"
EndProject
Global
	GlobalSection(SolutionConfigurationPlatforms) = preSolution
		Debug|Any CPU = Debug|Any CPU
		Release|Any CPU = Release|Any CPU
	EndGlobalSection
	GlobalSection(ProjectConfigurationPlatforms) = postSolution
		{16F3A21A-58BD-4AEE-8D2E-D581BD42017C}.Debug|Any CPU.ActiveCfg = Debug|Any CPU
		{16F3A21A-58BD-4AEE-8D2E-D581BD42017C}.Debug|Any CPU.Build.0 = Debug|Any CPU
		{16F3A21A-58BD-4AEE-8D2E-D581BD42017C}.Release|Any CPU.ActiveCfg = Release|Any CPU
		{16F3A21A-58BD-4AEE-8D2E-D581BD42017C}.Release|Any CPU.Build.0 = Release|Any CPU
		{E0CEE55A-887E-46E8-A4C7-86E5C3CCA2DF}.Debug|Any CPU.ActiveCfg = Debug|Any CPU
		{E0CEE55A-887E-46E8-A4C7-86E5C3CCA2DF}.Debug|Any CPU.Build.0 = Debug|Any CPU
		{E0CEE55A-887E-46E8-A4C7-86E5C3CCA2DF}.Release|Any CPU.ActiveCfg = Release|Any CPU
		{E0CEE55A-887E-46E8-A4C7-86E5C3CCA2DF}.Release|Any CPU.Build.0 = Release|Any CPU
		{4A86AF7F-7B6B-425C-A8D1-CBEA18062A83}.Debug|Any CPU.ActiveCfg = Debug|Any CPU
		{4A86AF7F-7B6B-425C-A8D1-CBEA18062A83}.Debug|Any CPU.Build.0 = Debug|Any CPU
		{4A86AF7F-7B6B-425C-A8D1-CBEA18062A83}.Release|Any CPU.ActiveCfg = Release|Any CPU
		{4A86AF7F-7B6B-425C-A8D1-CBEA18062A83}.Release|Any CPU.Build.0 = Release|Any CPU
	EndGlobalSection
	GlobalSection(SolutionProperties) = preSolution
		HideSolutionNode = FALSE
	EndGlobalSection
	GlobalSection(ExtensibilityGlobals) = postSolution
		SolutionGuid = {9F6C43D5-79EE-48C1-81D7-F109FDABB560}
	EndGlobalSection
EndGlobal
